// !$*UTF8*$!
{
	archiveVersion = 1;
	classes = {
	};
	objectVersion = 48;
	objects = {

/* Begin PBXBuildFile section */
		553E40F820807A7E00895843 /* AppDelegate.m in Sources */ = {isa = PBXBuildFile; fileRef = 553E40F720807A7E00895843 /* AppDelegate.m */; };
		553E40FB20807A7E00895843 /* ViewController.m in Sources */ = {isa = PBXBuildFile; fileRef = 553E40FA20807A7E00895843 /* ViewController.m */; };
		553E40FE20807A7E00895843 /* Main.storyboard in Resources */ = {isa = PBXBuildFile; fileRef = 553E40FC20807A7E00895843 /* Main.storyboard */; };
		553E410020807A7E00895843 /* Assets.xcassets in Resources */ = {isa = PBXBuildFile; fileRef = 553E40FF20807A7E00895843 /* Assets.xcassets */; };
		553E410320807A7E00895843 /* LaunchScreen.storyboard in Resources */ = {isa = PBXBuildFile; fileRef = 553E410120807A7E00895843 /* LaunchScreen.storyboard */; };
		553E410620807A7E00895843 /* main.m in Sources */ = {isa = PBXBuildFile; fileRef = 553E410520807A7E00895843 /* main.m */; };
		553E411820807C1000895843 /* SharedObject.m in Sources */ = {isa = PBXBuildFile; fileRef = 553E411220807C0F00895843 /* SharedObject.m */; };
		553E411920807C1000895843 /* ShareObjVC.m in Sources */ = {isa = PBXBuildFile; fileRef = 553E411720807C0F00895843 /* ShareObjVC.m */; };
		553E412C20807D9000895843 /* FactoryA.m in Sources */ = {isa = PBXBuildFile; fileRef = 553E412020807D8F00895843 /* FactoryA.m */; };
		553E412D20807D9000895843 /* OperationAdd.m in Sources */ = {isa = PBXBuildFile; fileRef = 553E412120807D8F00895843 /* OperationAdd.m */; };
		553E412E20807D9000895843 /* Product.m in Sources */ = {isa = PBXBuildFile; fileRef = 553E412220807D8F00895843 /* Product.m */; };
		553E412F20807D9000895843 /* Operation.m in Sources */ = {isa = PBXBuildFile; fileRef = 553E412320807D8F00895843 /* Operation.m */; };
		553E413020807D9000895843 /* FactoryVC.m in Sources */ = {isa = PBXBuildFile; fileRef = 553E412720807D9000895843 /* FactoryVC.m */; };
		553E413120807D9000895843 /* FactoryB.m in Sources */ = {isa = PBXBuildFile; fileRef = 553E412920807D9000895843 /* FactoryB.m */; };
		553E413220807D9000895843 /* BaseFactory.m in Sources */ = {isa = PBXBuildFile; fileRef = 553E412B20807D9000895843 /* BaseFactory.m */; };
		553E413F208080E500895843 /* DelegateVC.m in Sources */ = {isa = PBXBuildFile; fileRef = 553E413D208080E500895843 /* DelegateVC.m */; };
		553E4140208080E500895843 /* DelegateVC.xib in Resources */ = {isa = PBXBuildFile; fileRef = 553E413E208080E500895843 /* DelegateVC.xib */; };
		553E4143208080FC00895843 /* YellowView.m in Sources */ = {isa = PBXBuildFile; fileRef = 553E4142208080FC00895843 /* YellowView.m */; };
		553E414E2080828500895843 /* NumIlimit.m in Sources */ = {isa = PBXBuildFile; fileRef = 553E41452080828400895843 /* NumIlimit.m */; };
		553E414F2080828500895843 /* StrategyVC.m in Sources */ = {isa = PBXBuildFile; fileRef = 553E41472080828500895843 /* StrategyVC.m */; };
		553E41502080828500895843 /* LetterLimit.m in Sources */ = {isa = PBXBuildFile; fileRef = 553E41492080828500895843 /* LetterLimit.m */; };
		553E41512080828500895843 /* UITextField+Input.m in Sources */ = {isa = PBXBuildFile; fileRef = 553E414C2080828500895843 /* UITextField+Input.m */; };
		553E415B2080832800895843 /* TemplateVC.m in Sources */ = {isa = PBXBuildFile; fileRef = 553E41562080832800895843 /* TemplateVC.m */; };
		553E415C2080832800895843 /* Teacher.m in Sources */ = {isa = PBXBuildFile; fileRef = 553E41572080832800895843 /* Teacher.m */; };
		553E415D2080832800895843 /* People.m in Sources */ = {isa = PBXBuildFile; fileRef = 553E41592080832800895843 /* People.m */; };
		553E415E2080832800895843 /* Doctor.m in Sources */ = {isa = PBXBuildFile; fileRef = 553E415A2080832800895843 /* Doctor.m */; };
		553E41632080865D00895843 /* BuilderVC.m in Sources */ = {isa = PBXBuildFile; fileRef = 553E41622080865D00895843 /* BuilderVC.m */; };
		553E41662080867600895843 /* Car.m in Sources */ = {isa = PBXBuildFile; fileRef = 553E41652080867600895843 /* Car.m */; };
		553E41692080870500895843 /* BenzBuilder.m in Sources */ = {isa = PBXBuildFile; fileRef = 553E41682080870500895843 /* BenzBuilder.m */; };
		553E416C2080871C00895843 /* BMWBuilder.m in Sources */ = {isa = PBXBuildFile; fileRef = 553E416B2080871C00895843 /* BMWBuilder.m */; };
		553E416F2080874200895843 /* BenzCar.m in Sources */ = {isa = PBXBuildFile; fileRef = 553E416E2080874200895843 /* BenzCar.m */; };
		553E41722080875300895843 /* BMWCar.m in Sources */ = {isa = PBXBuildFile; fileRef = 553E41712080875300895843 /* BMWCar.m */; };
		5585393C208436B700DA4C37 /* FacadeVC.m in Sources */ = {isa = PBXBuildFile; fileRef = 5585393B208436B700DA4C37 /* FacadeVC.m */; };
		5585393F208436ED00DA4C37 /* GoodsSaler.m in Sources */ = {isa = PBXBuildFile; fileRef = 5585393E208436ED00DA4C37 /* GoodsSaler.m */; };
		55853943208438EB00DA4C37 /* MediatorVC.m in Sources */ = {isa = PBXBuildFile; fileRef = 55853942208438EB00DA4C37 /* MediatorVC.m */; };
		55853947208439D000DA4C37 /* KVOVC.m in Sources */ = {isa = PBXBuildFile; fileRef = 55853946208439D000DA4C37 /* KVOVC.m */; };
		5585394B2084406D00DA4C37 /* ComponentVC.m in Sources */ = {isa = PBXBuildFile; fileRef = 5585394A2084406D00DA4C37 /* ComponentVC.m */; };
		5585394F2084452C00DA4C37 /* EnumeratorVC.m in Sources */ = {isa = PBXBuildFile; fileRef = 5585394E2084452C00DA4C37 /* EnumeratorVC.m */; };
		55853952208445DE00DA4C37 /* Node.m in Sources */ = {isa = PBXBuildFile; fileRef = 55853951208445DE00DA4C37 /* Node.m */; };
		558539552084466E00DA4C37 /* NodeList.m in Sources */ = {isa = PBXBuildFile; fileRef = 558539542084466E00DA4C37 /* NodeList.m */; };
		558539582084481E00DA4C37 /* NodeEnumerator.m in Sources */ = {isa = PBXBuildFile; fileRef = 558539572084481E00DA4C37 /* NodeEnumerator.m */; };
		5585395D20846DF900DA4C37 /* VisitorVC.m in Sources */ = {isa = PBXBuildFile; fileRef = 5585395C20846DF900DA4C37 /* VisitorVC.m */; };
		5585396020846F6D00DA4C37 /* WikiCar.m in Sources */ = {isa = PBXBuildFile; fileRef = 5585395F20846F6D00DA4C37 /* WikiCar.m */; };
		5585396320846F7A00DA4C37 /* WikiEngine.m in Sources */ = {isa = PBXBuildFile; fileRef = 5585396220846F7A00DA4C37 /* WikiEngine.m */; };
		5585396620846F9A00DA4C37 /* WikiWheel.m in Sources */ = {isa = PBXBuildFile; fileRef = 5585396520846F9A00DA4C37 /* WikiWheel.m */; };
		5585396A2084728200DA4C37 /* Visitor.m in Sources */ = {isa = PBXBuildFile; fileRef = 558539692084728200DA4C37 /* Visitor.m */; };
		5585396E20847AA900DA4C37 /* DecorateVC.m in Sources */ = {isa = PBXBuildFile; fileRef = 5585396D20847AA900DA4C37 /* DecorateVC.m */; };
		5585397220847DE600DA4C37 /* ResponsibilityChainVC.m in Sources */ = {isa = PBXBuildFile; fileRef = 5585397120847DE600DA4C37 /* ResponsibilityChainVC.m */; };
		558539772084863300DA4C37 /* ConcreteCommand.m in Sources */ = {isa = PBXBuildFile; fileRef = 558539762084863300DA4C37 /* ConcreteCommand.m */; };
		5585397A2084865500DA4C37 /* CommandReceiver.m in Sources */ = {isa = PBXBuildFile; fileRef = 558539792084865500DA4C37 /* CommandReceiver.m */; };
		5585397D2084871A00DA4C37 /* Invoker.m in Sources */ = {isa = PBXBuildFile; fileRef = 5585397C2084871A00DA4C37 /* Invoker.m */; };
		558539802084878A00DA4C37 /* CommandVC.m in Sources */ = {isa = PBXBuildFile; fileRef = 5585397F2084878A00DA4C37 /* CommandVC.m */; };
		55853984208489A900DA4C37 /* MementoVC.m in Sources */ = {isa = PBXBuildFile; fileRef = 55853983208489A900DA4C37 /* MementoVC.m */; };
		AE539D422080E00400A3D70B /* AVPlayer.m in Sources */ = {isa = PBXBuildFile; fileRef = AE539D412080E00400A3D70B /* AVPlayer.m */; };
		AE539D452080E05900A3D70B /* AdapterVC.m in Sources */ = {isa = PBXBuildFile; fileRef = AE539D442080E05900A3D70B /* AdapterVC.m */; };
		AE539D482080E10900A3D70B /* IJKPlayer.m in Sources */ = {isa = PBXBuildFile; fileRef = AE539D472080E10900A3D70B /* IJKPlayer.m */; };
		AE539D4B2080E29200A3D70B /* IJKAdapter.m in Sources */ = {isa = PBXBuildFile; fileRef = AE539D4A2080E29200A3D70B /* IJKAdapter.m */; };
/* End PBXBuildFile section */

/* Begin PBXFileReference section */
		553E40F420807A7E00895843 /* Modules.app */ = {isa = PBXFileReference; explicitFileType = wrapper.application; includeInIndex = 0; path = Modules.app; sourceTree = BUILT_PRODUCTS_DIR; };
		553E40F620807A7E00895843 /* AppDelegate.h */ = {isa = PBXFileReference; lastKnownFileType = sourcecode.c.h; path = AppDelegate.h; sourceTree = "<group>"; };
		553E40F720807A7E00895843 /* AppDelegate.m */ = {isa = PBXFileReference; lastKnownFileType = sourcecode.c.objc; path = AppDelegate.m; sourceTree = "<group>"; };
		553E40F920807A7E00895843 /* ViewController.h */ = {isa = PBXFileReference; lastKnownFileType = sourcecode.c.h; path = ViewController.h; sourceTree = "<group>"; };
		553E40FA20807A7E00895843 /* ViewController.m */ = {isa = PBXFileReference; lastKnownFileType = sourcecode.c.objc; path = ViewController.m; sourceTree = "<group>"; };
		553E40FD20807A7E00895843 /* Base */ = {isa = PBXFileReference; lastKnownFileType = file.storyboard; name = Base; path = Base.lproj/Main.storyboard; sourceTree = "<group>"; };
		553E40FF20807A7E00895843 /* Assets.xcassets */ = {isa = PBXFileReference; lastKnownFileType = folder.assetcatalog; path = Assets.xcassets; sourceTree = "<group>"; };
		553E410220807A7E00895843 /* Base */ = {isa = PBXFileReference; lastKnownFileType = file.storyboard; name = Base; path = Base.lproj/LaunchScreen.storyboard; sourceTree = "<group>"; };
		553E410420807A7E00895843 /* Info.plist */ = {isa = PBXFileReference; lastKnownFileType = text.plist.xml; path = Info.plist; sourceTree = "<group>"; };
		553E410520807A7E00895843 /* main.m */ = {isa = PBXFileReference; lastKnownFileType = sourcecode.c.objc; path = main.m; sourceTree = "<group>"; };
		553E411120807C0F00895843 /* ShareObjVC.h */ = {isa = PBXFileReference; fileEncoding = 4; lastKnownFileType = sourcecode.c.h; path = ShareObjVC.h; sourceTree = "<group>"; };
		553E411220807C0F00895843 /* SharedObject.m */ = {isa = PBXFileReference; fileEncoding = 4; lastKnownFileType = sourcecode.c.objc; path = SharedObject.m; sourceTree = "<group>"; };
		553E411520807C0F00895843 /* SharedObject.h */ = {isa = PBXFileReference; fileEncoding = 4; lastKnownFileType = sourcecode.c.h; path = SharedObject.h; sourceTree = "<group>"; };
		553E411720807C0F00895843 /* ShareObjVC.m */ = {isa = PBXFileReference; fileEncoding = 4; lastKnownFileType = sourcecode.c.objc; path = ShareObjVC.m; sourceTree = "<group>"; };
		553E411E20807D8F00895843 /* FactoryB.h */ = {isa = PBXFileReference; fileEncoding = 4; lastKnownFileType = sourcecode.c.h; path = FactoryB.h; sourceTree = "<group>"; };
		553E411F20807D8F00895843 /* FactoryA.h */ = {isa = PBXFileReference; fileEncoding = 4; lastKnownFileType = sourcecode.c.h; path = FactoryA.h; sourceTree = "<group>"; };
		553E412020807D8F00895843 /* FactoryA.m */ = {isa = PBXFileReference; fileEncoding = 4; lastKnownFileType = sourcecode.c.objc; path = FactoryA.m; sourceTree = "<group>"; };
		553E412120807D8F00895843 /* OperationAdd.m */ = {isa = PBXFileReference; fileEncoding = 4; lastKnownFileType = sourcecode.c.objc; path = OperationAdd.m; sourceTree = "<group>"; };
		553E412220807D8F00895843 /* Product.m */ = {isa = PBXFileReference; fileEncoding = 4; lastKnownFileType = sourcecode.c.objc; path = Product.m; sourceTree = "<group>"; };
		553E412320807D8F00895843 /* Operation.m */ = {isa = PBXFileReference; fileEncoding = 4; lastKnownFileType = sourcecode.c.objc; path = Operation.m; sourceTree = "<group>"; };
		553E412420807D8F00895843 /* Product.h */ = {isa = PBXFileReference; fileEncoding = 4; lastKnownFileType = sourcecode.c.h; path = Product.h; sourceTree = "<group>"; };
		553E412520807D8F00895843 /* Operation.h */ = {isa = PBXFileReference; fileEncoding = 4; lastKnownFileType = sourcecode.c.h; path = Operation.h; sourceTree = "<group>"; };
		553E412620807D9000895843 /* FactoryVC.h */ = {isa = PBXFileReference; fileEncoding = 4; lastKnownFileType = sourcecode.c.h; path = FactoryVC.h; sourceTree = "<group>"; };
		553E412720807D9000895843 /* FactoryVC.m */ = {isa = PBXFileReference; fileEncoding = 4; lastKnownFileType = sourcecode.c.objc; path = FactoryVC.m; sourceTree = "<group>"; };
		553E412820807D9000895843 /* OperationAdd.h */ = {isa = PBXFileReference; fileEncoding = 4; lastKnownFileType = sourcecode.c.h; path = OperationAdd.h; sourceTree = "<group>"; };
		553E412920807D9000895843 /* FactoryB.m */ = {isa = PBXFileReference; fileEncoding = 4; lastKnownFileType = sourcecode.c.objc; path = FactoryB.m; sourceTree = "<group>"; };
		553E412A20807D9000895843 /* BaseFactory.h */ = {isa = PBXFileReference; fileEncoding = 4; lastKnownFileType = sourcecode.c.h; path = BaseFactory.h; sourceTree = "<group>"; };
		553E412B20807D9000895843 /* BaseFactory.m */ = {isa = PBXFileReference; fileEncoding = 4; lastKnownFileType = sourcecode.c.objc; path = BaseFactory.m; sourceTree = "<group>"; };
		553E413C208080E500895843 /* DelegateVC.h */ = {isa = PBXFileReference; lastKnownFileType = sourcecode.c.h; path = DelegateVC.h; sourceTree = "<group>"; };
		553E413D208080E500895843 /* DelegateVC.m */ = {isa = PBXFileReference; lastKnownFileType = sourcecode.c.objc; path = DelegateVC.m; sourceTree = "<group>"; };
		553E413E208080E500895843 /* DelegateVC.xib */ = {isa = PBXFileReference; lastKnownFileType = file.xib; path = DelegateVC.xib; sourceTree = "<group>"; };
		553E4141208080FC00895843 /* YellowView.h */ = {isa = PBXFileReference; lastKnownFileType = sourcecode.c.h; path = YellowView.h; sourceTree = "<group>"; };
		553E4142208080FC00895843 /* YellowView.m */ = {isa = PBXFileReference; lastKnownFileType = sourcecode.c.objc; path = YellowView.m; sourceTree = "<group>"; };
		553E41452080828400895843 /* NumIlimit.m */ = {isa = PBXFileReference; fileEncoding = 4; lastKnownFileType = sourcecode.c.objc; path = NumIlimit.m; sourceTree = "<group>"; };
		553E41462080828500895843 /* StrategyProtocol.h */ = {isa = PBXFileReference; fileEncoding = 4; lastKnownFileType = sourcecode.c.h; path = StrategyProtocol.h; sourceTree = "<group>"; };
		553E41472080828500895843 /* StrategyVC.m */ = {isa = PBXFileReference; fileEncoding = 4; lastKnownFileType = sourcecode.c.objc; path = StrategyVC.m; sourceTree = "<group>"; };
		553E41482080828500895843 /* StrategyVC.h */ = {isa = PBXFileReference; fileEncoding = 4; lastKnownFileType = sourcecode.c.h; path = StrategyVC.h; sourceTree = "<group>"; };
		553E41492080828500895843 /* LetterLimit.m */ = {isa = PBXFileReference; fileEncoding = 4; lastKnownFileType = sourcecode.c.objc; path = LetterLimit.m; sourceTree = "<group>"; };
		553E414A2080828500895843 /* UITextField+Input.h */ = {isa = PBXFileReference; fileEncoding = 4; lastKnownFileType = sourcecode.c.h; path = "UITextField+Input.h"; sourceTree = "<group>"; };
		553E414B2080828500895843 /* NumIlimit.h */ = {isa = PBXFileReference; fileEncoding = 4; lastKnownFileType = sourcecode.c.h; path = NumIlimit.h; sourceTree = "<group>"; };
		553E414C2080828500895843 /* UITextField+Input.m */ = {isa = PBXFileReference; fileEncoding = 4; lastKnownFileType = sourcecode.c.objc; path = "UITextField+Input.m"; sourceTree = "<group>"; };
		553E414D2080828500895843 /* LetterLimit.h */ = {isa = PBXFileReference; fileEncoding = 4; lastKnownFileType = sourcecode.c.h; path = LetterLimit.h; sourceTree = "<group>"; };
		553E41532080832700895843 /* Doctor.h */ = {isa = PBXFileReference; fileEncoding = 4; lastKnownFileType = sourcecode.c.h; path = Doctor.h; sourceTree = "<group>"; };
		553E41542080832700895843 /* People.h */ = {isa = PBXFileReference; fileEncoding = 4; lastKnownFileType = sourcecode.c.h; path = People.h; sourceTree = "<group>"; };
		553E41552080832800895843 /* TemplateVC.h */ = {isa = PBXFileReference; fileEncoding = 4; lastKnownFileType = sourcecode.c.h; path = TemplateVC.h; sourceTree = "<group>"; };
		553E41562080832800895843 /* TemplateVC.m */ = {isa = PBXFileReference; fileEncoding = 4; lastKnownFileType = sourcecode.c.objc; path = TemplateVC.m; sourceTree = "<group>"; };
		553E41572080832800895843 /* Teacher.m */ = {isa = PBXFileReference; fileEncoding = 4; lastKnownFileType = sourcecode.c.objc; path = Teacher.m; sourceTree = "<group>"; };
		553E41582080832800895843 /* Teacher.h */ = {isa = PBXFileReference; fileEncoding = 4; lastKnownFileType = sourcecode.c.h; path = Teacher.h; sourceTree = "<group>"; };
		553E41592080832800895843 /* People.m */ = {isa = PBXFileReference; fileEncoding = 4; lastKnownFileType = sourcecode.c.objc; path = People.m; sourceTree = "<group>"; };
		553E415A2080832800895843 /* Doctor.m */ = {isa = PBXFileReference; fileEncoding = 4; lastKnownFileType = sourcecode.c.objc; path = Doctor.m; sourceTree = "<group>"; };
		553E41612080865D00895843 /* BuilderVC.h */ = {isa = PBXFileReference; lastKnownFileType = sourcecode.c.h; path = BuilderVC.h; sourceTree = "<group>"; };
		553E41622080865D00895843 /* BuilderVC.m */ = {isa = PBXFileReference; lastKnownFileType = sourcecode.c.objc; path = BuilderVC.m; sourceTree = "<group>"; };
		553E41642080867600895843 /* Car.h */ = {isa = PBXFileReference; lastKnownFileType = sourcecode.c.h; path = Car.h; sourceTree = "<group>"; };
		553E41652080867600895843 /* Car.m */ = {isa = PBXFileReference; lastKnownFileType = sourcecode.c.objc; path = Car.m; sourceTree = "<group>"; };
		553E41672080870500895843 /* BenzBuilder.h */ = {isa = PBXFileReference; lastKnownFileType = sourcecode.c.h; path = BenzBuilder.h; sourceTree = "<group>"; };
		553E41682080870500895843 /* BenzBuilder.m */ = {isa = PBXFileReference; lastKnownFileType = sourcecode.c.objc; path = BenzBuilder.m; sourceTree = "<group>"; };
		553E416A2080871C00895843 /* BMWBuilder.h */ = {isa = PBXFileReference; lastKnownFileType = sourcecode.c.h; path = BMWBuilder.h; sourceTree = "<group>"; };
		553E416B2080871C00895843 /* BMWBuilder.m */ = {isa = PBXFileReference; lastKnownFileType = sourcecode.c.objc; path = BMWBuilder.m; sourceTree = "<group>"; };
		553E416D2080874200895843 /* BenzCar.h */ = {isa = PBXFileReference; lastKnownFileType = sourcecode.c.h; path = BenzCar.h; sourceTree = "<group>"; };
		553E416E2080874200895843 /* BenzCar.m */ = {isa = PBXFileReference; lastKnownFileType = sourcecode.c.objc; path = BenzCar.m; sourceTree = "<group>"; };
		553E41702080875300895843 /* BMWCar.h */ = {isa = PBXFileReference; lastKnownFileType = sourcecode.c.h; path = BMWCar.h; sourceTree = "<group>"; };
		553E41712080875300895843 /* BMWCar.m */ = {isa = PBXFileReference; lastKnownFileType = sourcecode.c.objc; path = BMWCar.m; sourceTree = "<group>"; };
		553E417820808E5C00895843 /* BuilderProtocol.h */ = {isa = PBXFileReference; lastKnownFileType = sourcecode.c.h; path = BuilderProtocol.h; sourceTree = "<group>"; };
		5585393A208436B700DA4C37 /* FacadeVC.h */ = {isa = PBXFileReference; lastKnownFileType = sourcecode.c.h; path = FacadeVC.h; sourceTree = "<group>"; };
		5585393B208436B700DA4C37 /* FacadeVC.m */ = {isa = PBXFileReference; lastKnownFileType = sourcecode.c.objc; path = FacadeVC.m; sourceTree = "<group>"; };
		5585393D208436ED00DA4C37 /* GoodsSaler.h */ = {isa = PBXFileReference; lastKnownFileType = sourcecode.c.h; path = GoodsSaler.h; sourceTree = "<group>"; };
		5585393E208436ED00DA4C37 /* GoodsSaler.m */ = {isa = PBXFileReference; lastKnownFileType = sourcecode.c.objc; path = GoodsSaler.m; sourceTree = "<group>"; };
		55853941208438EB00DA4C37 /* MediatorVC.h */ = {isa = PBXFileReference; lastKnownFileType = sourcecode.c.h; path = MediatorVC.h; sourceTree = "<group>"; };
		55853942208438EB00DA4C37 /* MediatorVC.m */ = {isa = PBXFileReference; lastKnownFileType = sourcecode.c.objc; path = MediatorVC.m; sourceTree = "<group>"; };
		55853945208439D000DA4C37 /* KVOVC.h */ = {isa = PBXFileReference; lastKnownFileType = sourcecode.c.h; path = KVOVC.h; sourceTree = "<group>"; };
		55853946208439D000DA4C37 /* KVOVC.m */ = {isa = PBXFileReference; lastKnownFileType = sourcecode.c.objc; path = KVOVC.m; sourceTree = "<group>"; };
		558539492084406D00DA4C37 /* ComponentVC.h */ = {isa = PBXFileReference; lastKnownFileType = sourcecode.c.h; path = ComponentVC.h; sourceTree = "<group>"; };
		5585394A2084406D00DA4C37 /* ComponentVC.m */ = {isa = PBXFileReference; lastKnownFileType = sourcecode.c.objc; path = ComponentVC.m; sourceTree = "<group>"; };
		5585394D2084452C00DA4C37 /* EnumeratorVC.h */ = {isa = PBXFileReference; lastKnownFileType = sourcecode.c.h; path = EnumeratorVC.h; sourceTree = "<group>"; };
		5585394E2084452C00DA4C37 /* EnumeratorVC.m */ = {isa = PBXFileReference; lastKnownFileType = sourcecode.c.objc; path = EnumeratorVC.m; sourceTree = "<group>"; };
		55853950208445DE00DA4C37 /* Node.h */ = {isa = PBXFileReference; lastKnownFileType = sourcecode.c.h; path = Node.h; sourceTree = "<group>"; };
		55853951208445DE00DA4C37 /* Node.m */ = {isa = PBXFileReference; lastKnownFileType = sourcecode.c.objc; path = Node.m; sourceTree = "<group>"; };
		558539532084466E00DA4C37 /* NodeList.h */ = {isa = PBXFileReference; lastKnownFileType = sourcecode.c.h; path = NodeList.h; sourceTree = "<group>"; };
		558539542084466E00DA4C37 /* NodeList.m */ = {isa = PBXFileReference; lastKnownFileType = sourcecode.c.objc; path = NodeList.m; sourceTree = "<group>"; };
		558539562084481E00DA4C37 /* NodeEnumerator.h */ = {isa = PBXFileReference; lastKnownFileType = sourcecode.c.h; path = NodeEnumerator.h; sourceTree = "<group>"; };
		558539572084481E00DA4C37 /* NodeEnumerator.m */ = {isa = PBXFileReference; lastKnownFileType = sourcecode.c.objc; path = NodeEnumerator.m; sourceTree = "<group>"; };
		5585395B20846DF900DA4C37 /* VisitorVC.h */ = {isa = PBXFileReference; lastKnownFileType = sourcecode.c.h; path = VisitorVC.h; sourceTree = "<group>"; };
		5585395C20846DF900DA4C37 /* VisitorVC.m */ = {isa = PBXFileReference; lastKnownFileType = sourcecode.c.objc; path = VisitorVC.m; sourceTree = "<group>"; };
		5585395E20846F6D00DA4C37 /* WikiCar.h */ = {isa = PBXFileReference; lastKnownFileType = sourcecode.c.h; path = WikiCar.h; sourceTree = "<group>"; };
		5585395F20846F6D00DA4C37 /* WikiCar.m */ = {isa = PBXFileReference; lastKnownFileType = sourcecode.c.objc; path = WikiCar.m; sourceTree = "<group>"; };
		5585396120846F7A00DA4C37 /* WikiEngine.h */ = {isa = PBXFileReference; lastKnownFileType = sourcecode.c.h; path = WikiEngine.h; sourceTree = "<group>"; };
		5585396220846F7A00DA4C37 /* WikiEngine.m */ = {isa = PBXFileReference; lastKnownFileType = sourcecode.c.objc; path = WikiEngine.m; sourceTree = "<group>"; };
		5585396420846F9A00DA4C37 /* WikiWheel.h */ = {isa = PBXFileReference; lastKnownFileType = sourcecode.c.h; path = WikiWheel.h; sourceTree = "<group>"; };
		5585396520846F9A00DA4C37 /* WikiWheel.m */ = {isa = PBXFileReference; lastKnownFileType = sourcecode.c.objc; path = WikiWheel.m; sourceTree = "<group>"; };
		558539672084713500DA4C37 /* VisitorProtocol.h */ = {isa = PBXFileReference; lastKnownFileType = sourcecode.c.h; path = VisitorProtocol.h; sourceTree = "<group>"; };
		558539682084728200DA4C37 /* Visitor.h */ = {isa = PBXFileReference; lastKnownFileType = sourcecode.c.h; path = Visitor.h; sourceTree = "<group>"; };
		558539692084728200DA4C37 /* Visitor.m */ = {isa = PBXFileReference; lastKnownFileType = sourcecode.c.objc; path = Visitor.m; sourceTree = "<group>"; };
		5585396C20847AA900DA4C37 /* DecorateVC.h */ = {isa = PBXFileReference; lastKnownFileType = sourcecode.c.h; path = DecorateVC.h; sourceTree = "<group>"; };
		5585396D20847AA900DA4C37 /* DecorateVC.m */ = {isa = PBXFileReference; lastKnownFileType = sourcecode.c.objc; path = DecorateVC.m; sourceTree = "<group>"; };
		5585397020847DE600DA4C37 /* ResponsibilityChainVC.h */ = {isa = PBXFileReference; lastKnownFileType = sourcecode.c.h; path = ResponsibilityChainVC.h; sourceTree = "<group>"; };
		5585397120847DE600DA4C37 /* ResponsibilityChainVC.m */ = {isa = PBXFileReference; lastKnownFileType = sourcecode.c.objc; path = ResponsibilityChainVC.m; sourceTree = "<group>"; };
		55853974208485E200DA4C37 /* CommandProtocol.h */ = {isa = PBXFileReference; lastKnownFileType = sourcecode.c.h; path = CommandProtocol.h; sourceTree = "<group>"; };
		558539752084863300DA4C37 /* ConcreteCommand.h */ = {isa = PBXFileReference; lastKnownFileType = sourcecode.c.h; path = ConcreteCommand.h; sourceTree = "<group>"; };
		558539762084863300DA4C37 /* ConcreteCommand.m */ = {isa = PBXFileReference; lastKnownFileType = sourcecode.c.objc; path = ConcreteCommand.m; sourceTree = "<group>"; };
		558539782084865500DA4C37 /* CommandReceiver.h */ = {isa = PBXFileReference; lastKnownFileType = sourcecode.c.h; path = CommandReceiver.h; sourceTree = "<group>"; };
		558539792084865500DA4C37 /* CommandReceiver.m */ = {isa = PBXFileReference; lastKnownFileType = sourcecode.c.objc; path = CommandReceiver.m; sourceTree = "<group>"; };
		5585397B2084871A00DA4C37 /* Invoker.h */ = {isa = PBXFileReference; lastKnownFileType = sourcecode.c.h; path = Invoker.h; sourceTree = "<group>"; };
		5585397C2084871A00DA4C37 /* Invoker.m */ = {isa = PBXFileReference; lastKnownFileType = sourcecode.c.objc; path = Invoker.m; sourceTree = "<group>"; };
		5585397E2084878A00DA4C37 /* CommandVC.h */ = {isa = PBXFileReference; lastKnownFileType = sourcecode.c.h; path = CommandVC.h; sourceTree = "<group>"; };
		5585397F2084878A00DA4C37 /* CommandVC.m */ = {isa = PBXFileReference; lastKnownFileType = sourcecode.c.objc; path = CommandVC.m; sourceTree = "<group>"; };
		55853982208489A900DA4C37 /* MementoVC.h */ = {isa = PBXFileReference; lastKnownFileType = sourcecode.c.h; path = MementoVC.h; sourceTree = "<group>"; };
		55853983208489A900DA4C37 /* MementoVC.m */ = {isa = PBXFileReference; lastKnownFileType = sourcecode.c.objc; path = MementoVC.m; sourceTree = "<group>"; };
		AE539D3F2080DFAA00A3D70B /* AVPlayerProtocol.h */ = {isa = PBXFileReference; lastKnownFileType = sourcecode.c.h; path = AVPlayerProtocol.h; sourceTree = "<group>"; };
		AE539D402080E00400A3D70B /* AVPlayer.h */ = {isa = PBXFileReference; lastKnownFileType = sourcecode.c.h; path = AVPlayer.h; sourceTree = "<group>"; };
		AE539D412080E00400A3D70B /* AVPlayer.m */ = {isa = PBXFileReference; lastKnownFileType = sourcecode.c.objc; path = AVPlayer.m; sourceTree = "<group>"; };
		AE539D432080E05900A3D70B /* AdapterVC.h */ = {isa = PBXFileReference; lastKnownFileType = sourcecode.c.h; path = AdapterVC.h; sourceTree = "<group>"; };
		AE539D442080E05900A3D70B /* AdapterVC.m */ = {isa = PBXFileReference; lastKnownFileType = sourcecode.c.objc; path = AdapterVC.m; sourceTree = "<group>"; };
		AE539D462080E10900A3D70B /* IJKPlayer.h */ = {isa = PBXFileReference; lastKnownFileType = sourcecode.c.h; path = IJKPlayer.h; sourceTree = "<group>"; };
		AE539D472080E10900A3D70B /* IJKPlayer.m */ = {isa = PBXFileReference; lastKnownFileType = sourcecode.c.objc; path = IJKPlayer.m; sourceTree = "<group>"; };
		AE539D492080E29200A3D70B /* IJKAdapter.h */ = {isa = PBXFileReference; lastKnownFileType = sourcecode.c.h; path = IJKAdapter.h; sourceTree = "<group>"; };
		AE539D4A2080E29200A3D70B /* IJKAdapter.m */ = {isa = PBXFileReference; lastKnownFileType = sourcecode.c.objc; path = IJKAdapter.m; sourceTree = "<group>"; };
/* End PBXFileReference section */

/* Begin PBXFrameworksBuildPhase section */
		553E40F120807A7E00895843 /* Frameworks */ = {
			isa = PBXFrameworksBuildPhase;
			buildActionMask = 2147483647;
			files = (
			);
			runOnlyForDeploymentPostprocessing = 0;
		};
/* End PBXFrameworksBuildPhase section */

/* Begin PBXGroup section */
		553E40F520807A7E00895843 /* Modules */ = {
			isa = PBXGroup;
			children = (
				558539812084899400DA4C37 /* 备忘录 */,
				558539732084842100DA4C37 /* 命令模式 */,
				5585396F20847DAF00DA4C37 /* 责任链模式 */,
				5585396B20847A7D00DA4C37 /* 装饰模式 */,
				5585395A20846DD200DA4C37 /* 访问者模式 */,
				5585394C2084418A00DA4C37 /* 迭代器模式 */,
				558539482084405900DA4C37 /* 组合模式 */,
				558539442084396E00DA4C37 /* 观察者模式 */,
				558539402084383300DA4C37 /* 中介者模式 */,
				558539392084353C00DA4C37 /* 外观模式 */,
				AE539D3E2080DF8E00A3D70B /* 适配器模式 */,
				553E41602080863D00895843 /* 建造者模式 */,
				553E4152208082F700895843 /* 模板模式 */,
				553E41442080822C00895843 /* 策略模式 */,
				553E411C20807C5900895843 /* 单列模式 */,
				553E413320807DDA00895843 /* 代理模式 */,
				553E411D20807D1200895843 /* 工厂模式 */,
				553E40F620807A7E00895843 /* AppDelegate.h */,
				553E40F720807A7E00895843 /* AppDelegate.m */,
				553E40F920807A7E00895843 /* ViewController.h */,
				553E40FA20807A7E00895843 /* ViewController.m */,
				553E40FC20807A7E00895843 /* Main.storyboard */,
				553E40FF20807A7E00895843 /* Assets.xcassets */,
				553E410120807A7E00895843 /* LaunchScreen.storyboard */,
				553E410420807A7E00895843 /* Info.plist */,
				553E410520807A7E00895843 /* main.m */,
			);
			path = Modules;
			sourceTree = "<group>";
		};
		553E411C20807C5900895843 /* 单列模式 */ = {
			isa = PBXGroup;
			children = (
				553E411520807C0F00895843 /* SharedObject.h */,
				553E411220807C0F00895843 /* SharedObject.m */,
				553E411120807C0F00895843 /* ShareObjVC.h */,
				553E411720807C0F00895843 /* ShareObjVC.m */,
			);
			path = "单列模式";
			sourceTree = "<group>";
		};
		553E411D20807D1200895843 /* 工厂模式 */ = {
			isa = PBXGroup;
			children = (
				553E412A20807D9000895843 /* BaseFactory.h */,
				553E412B20807D9000895843 /* BaseFactory.m */,
				553E411F20807D8F00895843 /* FactoryA.h */,
				553E412020807D8F00895843 /* FactoryA.m */,
				553E411E20807D8F00895843 /* FactoryB.h */,
				553E412920807D9000895843 /* FactoryB.m */,
				553E412520807D8F00895843 /* Operation.h */,
				553E412320807D8F00895843 /* Operation.m */,
				553E412820807D9000895843 /* OperationAdd.h */,
				553E412120807D8F00895843 /* OperationAdd.m */,
				553E412420807D8F00895843 /* Product.h */,
				553E412220807D8F00895843 /* Product.m */,
				553E412620807D9000895843 /* FactoryVC.h */,
				553E412720807D9000895843 /* FactoryVC.m */,
			);
			path = "工厂模式";
			sourceTree = "<group>";
		};
		553E413320807DDA00895843 /* 代理模式 */ = {
			isa = PBXGroup;
			children = (
				553E413C208080E500895843 /* DelegateVC.h */,
				553E413D208080E500895843 /* DelegateVC.m */,
				553E413E208080E500895843 /* DelegateVC.xib */,
				553E4141208080FC00895843 /* YellowView.h */,
				553E4142208080FC00895843 /* YellowView.m */,
			);
			path = "代理模式";
			sourceTree = "<group>";
		};
		553E41442080822C00895843 /* 策略模式 */ = {
			isa = PBXGroup;
			children = (
				553E414D2080828500895843 /* LetterLimit.h */,
				553E41492080828500895843 /* LetterLimit.m */,
				553E414B2080828500895843 /* NumIlimit.h */,
				553E41452080828400895843 /* NumIlimit.m */,
				553E41462080828500895843 /* StrategyProtocol.h */,
				553E414A2080828500895843 /* UITextField+Input.h */,
				553E414C2080828500895843 /* UITextField+Input.m */,
				553E41482080828500895843 /* StrategyVC.h */,
				553E41472080828500895843 /* StrategyVC.m */,
			);
			path = "策略模式";
			sourceTree = "<group>";
		};
		553E4152208082F700895843 /* 模板模式 */ = {
			isa = PBXGroup;
			children = (
				553E41532080832700895843 /* Doctor.h */,
				553E415A2080832800895843 /* Doctor.m */,
				553E41542080832700895843 /* People.h */,
				553E41592080832800895843 /* People.m */,
				553E41582080832800895843 /* Teacher.h */,
				553E41572080832800895843 /* Teacher.m */,
				553E41552080832800895843 /* TemplateVC.h */,
				553E41562080832800895843 /* TemplateVC.m */,
			);
			path = "模板模式";
			sourceTree = "<group>";
		};
		553E41602080863D00895843 /* 建造者模式 */ = {
			isa = PBXGroup;
			children = (
				553E417820808E5C00895843 /* BuilderProtocol.h */,
				553E41642080867600895843 /* Car.h */,
				553E41652080867600895843 /* Car.m */,
				553E416D2080874200895843 /* BenzCar.h */,
				553E416E2080874200895843 /* BenzCar.m */,
				553E41702080875300895843 /* BMWCar.h */,
				553E41712080875300895843 /* BMWCar.m */,
				553E41672080870500895843 /* BenzBuilder.h */,
				553E41682080870500895843 /* BenzBuilder.m */,
				553E416A2080871C00895843 /* BMWBuilder.h */,
				553E416B2080871C00895843 /* BMWBuilder.m */,
				553E41612080865D00895843 /* BuilderVC.h */,
				553E41622080865D00895843 /* BuilderVC.m */,
			);
			path = "建造者模式";
			sourceTree = "<group>";
		};
		558539392084353C00DA4C37 /* 外观模式 */ = {
			isa = PBXGroup;
			children = (
				5585393A208436B700DA4C37 /* FacadeVC.h */,
				5585393B208436B700DA4C37 /* FacadeVC.m */,
				5585393D208436ED00DA4C37 /* GoodsSaler.h */,
				5585393E208436ED00DA4C37 /* GoodsSaler.m */,
			);
			path = "外观模式";
			sourceTree = "<group>";
		};
		558539402084383300DA4C37 /* 中介者模式 */ = {
			isa = PBXGroup;
			children = (
				55853941208438EB00DA4C37 /* MediatorVC.h */,
				55853942208438EB00DA4C37 /* MediatorVC.m */,
			);
			path = "中介者模式";
			sourceTree = "<group>";
		};
		558539442084396E00DA4C37 /* 观察者模式 */ = {
			isa = PBXGroup;
			children = (
				55853945208439D000DA4C37 /* KVOVC.h */,
				55853946208439D000DA4C37 /* KVOVC.m */,
			);
			path = "观察者模式";
			sourceTree = "<group>";
		};
		558539482084405900DA4C37 /* 组合模式 */ = {
			isa = PBXGroup;
			children = (
				558539492084406D00DA4C37 /* ComponentVC.h */,
				5585394A2084406D00DA4C37 /* ComponentVC.m */,
			);
			path = "组合模式";
			sourceTree = "<group>";
		};
		5585394C2084418A00DA4C37 /* 迭代器模式 */ = {
			isa = PBXGroup;
			children = (
				55853950208445DE00DA4C37 /* Node.h */,
				55853951208445DE00DA4C37 /* Node.m */,
				558539532084466E00DA4C37 /* NodeList.h */,
				558539542084466E00DA4C37 /* NodeList.m */,
				558539562084481E00DA4C37 /* NodeEnumerator.h */,
				558539572084481E00DA4C37 /* NodeEnumerator.m */,
				5585394D2084452C00DA4C37 /* EnumeratorVC.h */,
				5585394E2084452C00DA4C37 /* EnumeratorVC.m */,
			);
			path = "迭代器模式";
			sourceTree = "<group>";
		};
		5585395A20846DD200DA4C37 /* 访问者模式 */ = {
			isa = PBXGroup;
			children = (
				558539672084713500DA4C37 /* VisitorProtocol.h */,
				5585395E20846F6D00DA4C37 /* WikiCar.h */,
				5585395F20846F6D00DA4C37 /* WikiCar.m */,
				5585396120846F7A00DA4C37 /* WikiEngine.h */,
				5585396220846F7A00DA4C37 /* WikiEngine.m */,
				5585396420846F9A00DA4C37 /* WikiWheel.h */,
				5585396520846F9A00DA4C37 /* WikiWheel.m */,
				558539682084728200DA4C37 /* Visitor.h */,
				558539692084728200DA4C37 /* Visitor.m */,
				5585395B20846DF900DA4C37 /* VisitorVC.h */,
				5585395C20846DF900DA4C37 /* VisitorVC.m */,
			);
			path = "访问者模式";
			sourceTree = "<group>";
		};
		5585396B20847A7D00DA4C37 /* 装饰模式 */ = {
			isa = PBXGroup;
			children = (
				5585396C20847AA900DA4C37 /* DecorateVC.h */,
				5585396D20847AA900DA4C37 /* DecorateVC.m */,
			);
			path = "装饰模式";
			sourceTree = "<group>";
		};
		5585396F20847DAF00DA4C37 /* 责任链模式 */ = {
			isa = PBXGroup;
			children = (
				5585397020847DE600DA4C37 /* ResponsibilityChainVC.h */,
				5585397120847DE600DA4C37 /* ResponsibilityChainVC.m */,
			);
			path = "责任链模式";
			sourceTree = "<group>";
		};
		558539732084842100DA4C37 /* 命令模式 */ = {
			isa = PBXGroup;
			children = (
				55853974208485E200DA4C37 /* CommandProtocol.h */,
				558539782084865500DA4C37 /* CommandReceiver.h */,
				558539792084865500DA4C37 /* CommandReceiver.m */,
				558539752084863300DA4C37 /* ConcreteCommand.h */,
				558539762084863300DA4C37 /* ConcreteCommand.m */,
				5585397B2084871A00DA4C37 /* Invoker.h */,
				5585397C2084871A00DA4C37 /* Invoker.m */,
				5585397E2084878A00DA4C37 /* CommandVC.h */,
				5585397F2084878A00DA4C37 /* CommandVC.m */,
			);
			path = "命令模式";
			sourceTree = "<group>";
		};
		558539812084899400DA4C37 /* 备忘录 */ = {
			isa = PBXGroup;
			children = (
				55853982208489A900DA4C37 /* MementoVC.h */,
				55853983208489A900DA4C37 /* MementoVC.m */,
			);
			path = "备忘录";
			sourceTree = "<group>";
		};
		55B0D180206349DC00DECA09 = {
			isa = PBXGroup;
			children = (
				553E40F520807A7E00895843 /* Modules */,
				55B0D18A206349DC00DECA09 /* Products */,
			);
			sourceTree = "<group>";
		};
		55B0D18A206349DC00DECA09 /* Products */ = {
			isa = PBXGroup;
			children = (
				553E40F420807A7E00895843 /* Modules.app */,
			);
			name = Products;
			sourceTree = "<group>";
		};
		AE539D3E2080DF8E00A3D70B /* 适配器模式 */ = {
			isa = PBXGroup;
			children = (
				AE539D3F2080DFAA00A3D70B /* AVPlayerProtocol.h */,
				AE539D402080E00400A3D70B /* AVPlayer.h */,
				AE539D412080E00400A3D70B /* AVPlayer.m */,
				AE539D462080E10900A3D70B /* IJKPlayer.h */,
				AE539D472080E10900A3D70B /* IJKPlayer.m */,
				AE539D492080E29200A3D70B /* IJKAdapter.h */,
				AE539D4A2080E29200A3D70B /* IJKAdapter.m */,
				AE539D432080E05900A3D70B /* AdapterVC.h */,
				AE539D442080E05900A3D70B /* AdapterVC.m */,
			);
			path = "适配器模式";
			sourceTree = "<group>";
		};
/* End PBXGroup section */

/* Begin PBXNativeTarget section */
		553E40F320807A7E00895843 /* Modules */ = {
			isa = PBXNativeTarget;
			buildConfigurationList = 553E410920807A7E00895843 /* Build configuration list for PBXNativeTarget "Modules" */;
			buildPhases = (
				553E40F020807A7E00895843 /* Sources */,
				553E40F120807A7E00895843 /* Frameworks */,
				553E40F220807A7E00895843 /* Resources */,
			);
			buildRules = (
			);
			dependencies = (
			);
			name = Modules;
			productName = Modules;
			productReference = 553E40F420807A7E00895843 /* Modules.app */;
			productType = "com.apple.product-type.application";
		};
/* End PBXNativeTarget section */

/* Begin PBXProject section */
		55B0D181206349DC00DECA09 /* Project object */ = {
			isa = PBXProject;
			attributes = {
				LastUpgradeCheck = 0920;
				ORGANIZATIONNAME = "朱来飞";
				TargetAttributes = {
					553E40F320807A7E00895843 = {
						CreatedOnToolsVersion = 9.2;
						ProvisioningStyle = Automatic;
					};
				};
			};
			buildConfigurationList = 55B0D184206349DC00DECA09 /* Build configuration list for PBXProject "DesignModule" */;
			compatibilityVersion = "Xcode 8.0";
			developmentRegion = en;
			hasScannedForEncodings = 0;
			knownRegions = (
				en,
				Base,
			);
			mainGroup = 55B0D180206349DC00DECA09;
			productRefGroup = 55B0D18A206349DC00DECA09 /* Products */;
			projectDirPath = "";
			projectRoot = "";
			targets = (
				553E40F320807A7E00895843 /* Modules */,
			);
		};
/* End PBXProject section */

/* Begin PBXResourcesBuildPhase section */
		553E40F220807A7E00895843 /* Resources */ = {
			isa = PBXResourcesBuildPhase;
			buildActionMask = 2147483647;
			files = (
				553E410320807A7E00895843 /* LaunchScreen.storyboard in Resources */,
				553E410020807A7E00895843 /* Assets.xcassets in Resources */,
				553E40FE20807A7E00895843 /* Main.storyboard in Resources */,
				553E4140208080E500895843 /* DelegateVC.xib in Resources */,
			);
			runOnlyForDeploymentPostprocessing = 0;
		};
/* End PBXResourcesBuildPhase section */

/* Begin PBXSourcesBuildPhase section */
		553E40F020807A7E00895843 /* Sources */ = {
			isa = PBXSourcesBuildPhase;
			buildActionMask = 2147483647;
			files = (
				5585397D2084871A00DA4C37 /* Invoker.m in Sources */,
				55853984208489A900DA4C37 /* MementoVC.m in Sources */,
				5585394B2084406D00DA4C37 /* ComponentVC.m in Sources */,
				AE539D482080E10900A3D70B /* IJKPlayer.m in Sources */,
				553E415E2080832800895843 /* Doctor.m in Sources */,
				553E412C20807D9000895843 /* FactoryA.m in Sources */,
				5585394F2084452C00DA4C37 /* EnumeratorVC.m in Sources */,
				5585395D20846DF900DA4C37 /* VisitorVC.m in Sources */,
				558539772084863300DA4C37 /* ConcreteCommand.m in Sources */,
				5585396E20847AA900DA4C37 /* DecorateVC.m in Sources */,
				55853947208439D000DA4C37 /* KVOVC.m in Sources */,
				5585396020846F6D00DA4C37 /* WikiCar.m in Sources */,
				553E412D20807D9000895843 /* OperationAdd.m in Sources */,
				553E411920807C1000895843 /* ShareObjVC.m in Sources */,
				AE539D4B2080E29200A3D70B /* IJKAdapter.m in Sources */,
				553E415D2080832800895843 /* People.m in Sources */,
				553E413220807D9000895843 /* BaseFactory.m in Sources */,
				5585396620846F9A00DA4C37 /* WikiWheel.m in Sources */,
				553E41662080867600895843 /* Car.m in Sources */,
				553E412F20807D9000895843 /* Operation.m in Sources */,
				553E416C2080871C00895843 /* BMWBuilder.m in Sources */,
				553E413120807D9000895843 /* FactoryB.m in Sources */,
				553E40FB20807A7E00895843 /* ViewController.m in Sources */,
				5585393C208436B700DA4C37 /* FacadeVC.m in Sources */,
				553E415B2080832800895843 /* TemplateVC.m in Sources */,
				AE539D452080E05900A3D70B /* AdapterVC.m in Sources */,
				553E415C2080832800895843 /* Teacher.m in Sources */,
				558539802084878A00DA4C37 /* CommandVC.m in Sources */,
				553E410620807A7E00895843 /* main.m in Sources */,
				558539582084481E00DA4C37 /* NodeEnumerator.m in Sources */,
				553E412E20807D9000895843 /* Product.m in Sources */,
				5585396320846F7A00DA4C37 /* WikiEngine.m in Sources */,
				553E413020807D9000895843 /* FactoryVC.m in Sources */,
				553E41502080828500895843 /* LetterLimit.m in Sources */,
				5585397220847DE600DA4C37 /* ResponsibilityChainVC.m in Sources */,
				5585397A2084865500DA4C37 /* CommandReceiver.m in Sources */,
				553E41692080870500895843 /* BenzBuilder.m in Sources */,
				553E4143208080FC00895843 /* YellowView.m in Sources */,
				55853952208445DE00DA4C37 /* Node.m in Sources */,
				553E40F820807A7E00895843 /* AppDelegate.m in Sources */,
				55853943208438EB00DA4C37 /* MediatorVC.m in Sources */,
				553E414F2080828500895843 /* StrategyVC.m in Sources */,
				553E41512080828500895843 /* UITextField+Input.m in Sources */,
				558539552084466E00DA4C37 /* NodeList.m in Sources */,
				AE539D422080E00400A3D70B /* AVPlayer.m in Sources */,
				553E413F208080E500895843 /* DelegateVC.m in Sources */,
				5585393F208436ED00DA4C37 /* GoodsSaler.m in Sources */,
				553E41722080875300895843 /* BMWCar.m in Sources */,
				553E414E2080828500895843 /* NumIlimit.m in Sources */,
				5585396A2084728200DA4C37 /* Visitor.m in Sources */,
				553E411820807C1000895843 /* SharedObject.m in Sources */,
				553E416F2080874200895843 /* BenzCar.m in Sources */,
				553E41632080865D00895843 /* BuilderVC.m in Sources */,
			);
			runOnlyForDeploymentPostprocessing = 0;
		};
/* End PBXSourcesBuildPhase section */

/* Begin PBXVariantGroup section */
		553E40FC20807A7E00895843 /* Main.storyboard */ = {
			isa = PBXVariantGroup;
			children = (
				553E40FD20807A7E00895843 /* Base */,
			);
			name = Main.storyboard;
			sourceTree = "<group>";
		};
		553E410120807A7E00895843 /* LaunchScreen.storyboard */ = {
			isa = PBXVariantGroup;
			children = (
				553E410220807A7E00895843 /* Base */,
			);
			name = LaunchScreen.storyboard;
			sourceTree = "<group>";
		};
/* End PBXVariantGroup section */

/* Begin XCBuildConfiguration section */
		553E410720807A7E00895843 /* Debug */ = {
			isa = XCBuildConfiguration;
			buildSettings = {
				ASSETCATALOG_COMPILER_APPICON_NAME = AppIcon;
				CODE_SIGN_STYLE = Automatic;
				INFOPLIST_FILE = Modules/Info.plist;
				LD_RUNPATH_SEARCH_PATHS = "$(inherited) @executable_path/Frameworks";
				PRODUCT_BUNDLE_IDENTIFIER = Modules.Modules;
				PRODUCT_NAME = "$(TARGET_NAME)";
				TARGETED_DEVICE_FAMILY = "1,2";
			};
			name = Debug;
		};
		553E410820807A7E00895843 /* Release */ = {
			isa = XCBuildConfiguration;
			buildSettings = {
				ASSETCATALOG_COMPILER_APPICON_NAME = AppIcon;
				CODE_SIGN_STYLE = Automatic;
				INFOPLIST_FILE = Modules/Info.plist;
				LD_RUNPATH_SEARCH_PATHS = "$(inherited) @executable_path/Frameworks";
				PRODUCT_BUNDLE_IDENTIFIER = Modules.Modules;
				PRODUCT_NAME = "$(TARGET_NAME)";
				TARGETED_DEVICE_FAMILY = "1,2";
			};
			name = Release;
		};
		55B0D19D206349DC00DECA09 /* Debug */ = {
			isa = XCBuildConfiguration;
			buildSettings = {
				ALWAYS_SEARCH_USER_PATHS = NO;
				CLANG_ANALYZER_NONNULL = YES;
				CLANG_ANALYZER_NUMBER_OBJECT_CONVERSION = YES_AGGRESSIVE;
				CLANG_CXX_LANGUAGE_STANDARD = "gnu++14";
				CLANG_CXX_LIBRARY = "libc++";
				CLANG_ENABLE_MODULES = YES;
				CLANG_ENABLE_OBJC_ARC = YES;
				CLANG_WARN_BLOCK_CAPTURE_AUTORELEASING = YES;
				CLANG_WARN_BOOL_CONVERSION = YES;
				CLANG_WARN_COMMA = YES;
				CLANG_WARN_CONSTANT_CONVERSION = YES;
				CLANG_WARN_DIRECT_OBJC_ISA_USAGE = YES_ERROR;
				CLANG_WARN_DOCUMENTATION_COMMENTS = YES;
				CLANG_WARN_EMPTY_BODY = YES;
				CLANG_WARN_ENUM_CONVERSION = YES;
				CLANG_WARN_INFINITE_RECURSION = YES;
				CLANG_WARN_INT_CONVERSION = YES;
				CLANG_WARN_NON_LITERAL_NULL_CONVERSION = YES;
				CLANG_WARN_OBJC_LITERAL_CONVERSION = YES;
				CLANG_WARN_OBJC_ROOT_CLASS = YES_ERROR;
				CLANG_WARN_RANGE_LOOP_ANALYSIS = YES;
				CLANG_WARN_STRICT_PROTOTYPES = YES;
				CLANG_WARN_SUSPICIOUS_MOVE = YES;
				CLANG_WARN_UNGUARDED_AVAILABILITY = YES_AGGRESSIVE;
				CLANG_WARN_UNREACHABLE_CODE = YES;
				CLANG_WARN__DUPLICATE_METHOD_MATCH = YES;
				CODE_SIGN_IDENTITY = "iPhone Developer";
				COPY_PHASE_STRIP = NO;
				DEBUG_INFORMATION_FORMAT = dwarf;
				ENABLE_STRICT_OBJC_MSGSEND = YES;
				ENABLE_TESTABILITY = YES;
				GCC_C_LANGUAGE_STANDARD = gnu11;
				GCC_DYNAMIC_NO_PIC = NO;
				GCC_NO_COMMON_BLOCKS = YES;
				GCC_OPTIMIZATION_LEVEL = 0;
				GCC_PREPROCESSOR_DEFINITIONS = (
					"DEBUG=1",
					"$(inherited)",
				);
				GCC_WARN_64_TO_32_BIT_CONVERSION = YES;
				GCC_WARN_ABOUT_RETURN_TYPE = YES_ERROR;
				GCC_WARN_UNDECLARED_SELECTOR = YES;
				GCC_WARN_UNINITIALIZED_AUTOS = YES_AGGRESSIVE;
				GCC_WARN_UNUSED_FUNCTION = YES;
				GCC_WARN_UNUSED_VARIABLE = YES;
				IPHONEOS_DEPLOYMENT_TARGET = 11.2;
				MTL_ENABLE_DEBUG_INFO = YES;
				ONLY_ACTIVE_ARCH = YES;
				SDKROOT = iphoneos;
			};
			name = Debug;
		};
		55B0D19E206349DC00DECA09 /* Release */ = {
			isa = XCBuildConfiguration;
			buildSettings = {
				ALWAYS_SEARCH_USER_PATHS = NO;
				CLANG_ANALYZER_NONNULL = YES;
				CLANG_ANALYZER_NUMBER_OBJECT_CONVERSION = YES_AGGRESSIVE;
				CLANG_CXX_LANGUAGE_STANDARD = "gnu++14";
				CLANG_CXX_LIBRARY = "libc++";
				CLANG_ENABLE_MODULES = YES;
				CLANG_ENABLE_OBJC_ARC = YES;
				CLANG_WARN_BLOCK_CAPTURE_AUTORELEASING = YES;
				CLANG_WARN_BOOL_CONVERSION = YES;
				CLANG_WARN_COMMA = YES;
				CLANG_WARN_CONSTANT_CONVERSION = YES;
				CLANG_WARN_DIRECT_OBJC_ISA_USAGE = YES_ERROR;
				CLANG_WARN_DOCUMENTATION_COMMENTS = YES;
				CLANG_WARN_EMPTY_BODY = YES;
				CLANG_WARN_ENUM_CONVERSION = YES;
				CLANG_WARN_INFINITE_RECURSION = YES;
				CLANG_WARN_INT_CONVERSION = YES;
				CLANG_WARN_NON_LITERAL_NULL_CONVERSION = YES;
				CLANG_WARN_OBJC_LITERAL_CONVERSION = YES;
				CLANG_WARN_OBJC_ROOT_CLASS = YES_ERROR;
				CLANG_WARN_RANGE_LOOP_ANALYSIS = YES;
				CLANG_WARN_STRICT_PROTOTYPES = YES;
				CLANG_WARN_SUSPICIOUS_MOVE = YES;
				CLANG_WARN_UNGUARDED_AVAILABILITY = YES_AGGRESSIVE;
				CLANG_WARN_UNREACHABLE_CODE = YES;
				CLANG_WARN__DUPLICATE_METHOD_MATCH = YES;
				CODE_SIGN_IDENTITY = "iPhone Developer";
				COPY_PHASE_STRIP = NO;
				DEBUG_INFORMATION_FORMAT = "dwarf-with-dsym";
				ENABLE_NS_ASSERTIONS = NO;
				ENABLE_STRICT_OBJC_MSGSEND = YES;
				GCC_C_LANGUAGE_STANDARD = gnu11;
				GCC_NO_COMMON_BLOCKS = YES;
				GCC_WARN_64_TO_32_BIT_CONVERSION = YES;
				GCC_WARN_ABOUT_RETURN_TYPE = YES_ERROR;
				GCC_WARN_UNDECLARED_SELECTOR = YES;
				GCC_WARN_UNINITIALIZED_AUTOS = YES_AGGRESSIVE;
				GCC_WARN_UNUSED_FUNCTION = YES;
				GCC_WARN_UNUSED_VARIABLE = YES;
				IPHONEOS_DEPLOYMENT_TARGET = 11.2;
				MTL_ENABLE_DEBUG_INFO = NO;
				SDKROOT = iphoneos;
				VALIDATE_PRODUCT = YES;
			};
			name = Release;
		};
/* End XCBuildConfiguration section */

/* Begin XCConfigurationList section */
		553E410920807A7E00895843 /* Build configuration list for PBXNativeTarget "Modules" */ = {
			isa = XCConfigurationList;
			buildConfigurations = (
				553E410720807A7E00895843 /* Debug */,
				553E410820807A7E00895843 /* Release */,
			);
			defaultConfigurationIsVisible = 0;
			defaultConfigurationName = Release;
		};
		55B0D184206349DC00DECA09 /* Build configuration list for PBXProject "DesignModule" */ = {
			isa = XCConfigurationList;
			buildConfigurations = (
				55B0D19D206349DC00DECA09 /* Debug */,
				55B0D19E206349DC00DECA09 /* Release */,
			);
			defaultConfigurationIsVisible = 0;
			defaultConfigurationName = Release;
		};
/* End XCConfigurationList section */
	};
	rootObject = 55B0D181206349DC00DECA09 /* Project object */;
}
